
Microsoft Visual Studio Solution File, Format Version 12.00
# Visual Studio Version 17
VisualStudioVersion = 17.4.33122.133
MinimumVisualStudioVersion = 10.0.40219.1
Project("{FAE04EC0-301F-11D3-BF4B-00C04F79EFBC}") = "ProyectoTienda2", "ProyectoTienda2\ProyectoTienda2.csproj", "{BDB13272-9778-4656-BE8D-41E51B09F277}"
EndProject
Global
	GlobalSection(SolutionConfigurationPlatforms) = preSolution
		Debug|Any CPU = Debug|Any CPU
		Release|Any CPU = Release|Any CPU
	EndGlobalSection
	GlobalSection(ProjectConfigurationPlatforms) = postSolution
		{BDB13272-9778-4656-BE8D-41E51B09F277}.Debug|Any CPU.ActiveCfg = Debug|Any CPU
		{BDB13272-9778-4656-BE8D-41E51B09F277}.Debug|Any CPU.Build.0 = Debug|Any CPU
		{BDB13272-9778-4656-BE8D-41E51B09F277}.Release|Any CPU.ActiveCfg = Release|Any CPU
		{BDB13272-9778-4656-BE8D-41E51B09F277}.Release|Any CPU.Build.0 = Release|Any CPU
	EndGlobalSection
	GlobalSection(SolutionProperties) = preSolution
		HideSolutionNode = FALSE
	EndGlobalSection
	GlobalSection(ExtensibilityGlobals) = postSolution
		SolutionGuid = {49339368-8123-4CAB-9BF0-C011BB96D254}
	EndGlobalSection
EndGlobal
